
Microsoft Visual Studio Solution File, Format Version 12.00
# Visual Studio Version 16
VisualStudioVersion = 16.0.29306.81
MinimumVisualStudioVersion = 10.0.40219.1
Project("{FAE04EC0-301F-11D3-BF4B-00C04F79EFBC}") = "CustomOfflineCacheExample", "CustomOfflineCacheExample\CustomOfflineCacheExample.csproj", "{5DE943EE-EF30-4CD7-BFB9-881F7A16FF4A}"
EndProject
Global
	GlobalSection(SolutionConfigurationPlatforms) = preSolution
		Debug|Any CPU = Debug|Any CPU
		Release|Any CPU = Release|Any CPU
	EndGlobalSection
	GlobalSection(ProjectConfigurationPlatforms) = postSolution
		{5DE943EE-EF30-4CD7-BFB9-881F7A16FF4A}.Debug|Any CPU.ActiveCfg = Debug|Any CPU
		{5DE943EE-EF30-4CD7-BFB9-881F7A16FF4A}.Debug|Any CPU.Build.0 = Debug|Any CPU
		{5DE943EE-EF30-4CD7-BFB9-881F7A16FF4A}.Release|Any CPU.ActiveCfg = Release|Any CPU
		{5DE943EE-EF30-4CD7-BFB9-881F7A16FF4A}.Release|Any CPU.Build.0 = Release|Any CPU
	EndGlobalSection
	GlobalSection(SolutionProperties) = preSolution
		HideSolutionNode = FALSE
	EndGlobalSection
	GlobalSection(ExtensibilityGlobals) = postSolution
		SolutionGuid = {681A0BF9-791B-4350-9CE0-3B74A24ED6C5}
	EndGlobalSection
EndGlobal
